
Microsoft Visual Studio Solution File, Format Version 12.00
# Visual Studio 15
VisualStudioVersion = 15.0.27703.2000
MinimumVisualStudioVersion = 10.0.40219.1
Project("{FAE04EC0-301F-11D3-BF4B-00C04F79EFBC}") = "ThreadDemo", "ThreadDemo\ThreadDemo.csproj", "{A28AAB3F-68C0-4CAA-8BD5-13AF87E3CD78}"
EndProject
Project("{FAE04EC0-301F-11D3-BF4B-00C04F79EFBC}") = "RebexSftpServerApp", "RebexSftpServerApp\RebexSftpServerApp.csproj", "{347D227B-5F44-4F33-AC86-1247550D557F}"
EndProject
Project("{FAE04EC0-301F-11D3-BF4B-00C04F79EFBC}") = "WinCPSftpServerApp", "WinCPSftpServerApp\WinCPSftpServerApp.csproj", "{DFB7A8D6-CBD4-46A2-B886-48D23C09C818}"
EndProject
Project("{FAE04EC0-301F-11D3-BF4B-00C04F79EFBC}") = "OpenFileSystemDemo", "OpenFileSystemDemo\OpenFileSystemDemo.csproj", "{9EEFF80D-6993-4236-B023-4C2BBF6AC02D}"
EndProject
Project("{FAE04EC0-301F-11D3-BF4B-00C04F79EFBC}") = "InMemoryFileDemo", "InMemoryFileDemo\InMemoryFileDemo.csproj", "{F973D27C-7654-4F4A-ACFF-8DC114A5890E}"
EndProject
Project("{FAE04EC0-301F-11D3-BF4B-00C04F79EFBC}") = "TaskTimeout", "TaskTimeout\TaskTimeout.csproj", "{1ED025FD-4032-4D8D-A3C3-E5489AB9DDC5}"
EndProject
Project("{FAE04EC0-301F-11D3-BF4B-00C04F79EFBC}") = "QuartzSample", "QuartzSample\QuartzSample.csproj", "{54E0B7CA-4765-4F1F-8E17-211E59B79639}"
EndProject
Project("{FAE04EC0-301F-11D3-BF4B-00C04F79EFBC}") = "ReadConfigFiles", "ReadConfigFiles\ReadConfigFiles.csproj", "{4E0D4036-76CD-493F-9854-49DC84952017}"
EndProject
Project("{FAE04EC0-301F-11D3-BF4B-00C04F79EFBC}") = "SequenceNoElements", "SequenceNoElements\SequenceNoElements.csproj", "{C89E771E-75B6-4B47-B4FD-A24D8B8D7112}"
EndProject
Project("{FAE04EC0-301F-11D3-BF4B-00C04F79EFBC}") = "NhibernateWithRetry", "RetryAttemptsDemo\NhibernateWithRetry.csproj", "{29029E58-B6BE-4CA7-991A-195BAD1A43FC}"
EndProject
Project("{FAE04EC0-301F-11D3-BF4B-00C04F79EFBC}") = "GenerateTestUsers", "GenerateTestUsers\GenerateTestUsers.csproj", "{BB92F508-D05E-45BB-AE28-B44B2235F260}"
EndProject
Project("{FAE04EC0-301F-11D3-BF4B-00C04F79EFBC}") = "QuartzSampleFromConfig", "QuartzSampleFromConfig\QuartzSampleFromConfig.csproj", "{6E6D2AD8-73A2-4860-99F1-E3D8144B7E31}"
EndProject
Project("{FAE04EC0-301F-11D3-BF4B-00C04F79EFBC}") = "MultiThreadingSample", "MultiThreadingSample\MultiThreadingSample.csproj", "{E06AC4DE-7A4A-40F2-BCE9-958CA90C9799}"
EndProject
Project("{FAE04EC0-301F-11D3-BF4B-00C04F79EFBC}") = "EmailManager.Local", "EmailManager.Local\EmailManager.Local.csproj", "{4EC0BF7D-E50B-43C2-B510-90C6E1747583}"
EndProject
Project("{FAE04EC0-301F-11D3-BF4B-00C04F79EFBC}") = "TraceListenersDemo", "TraceListenersDemo\TraceListenersDemo.csproj", "{D3716FE7-CFA6-41BA-976F-9C1053882EFE}"
EndProject
Project("{FAE04EC0-301F-11D3-BF4B-00C04F79EFBC}") = "XMLCompressorSample", "XMLCompressorSample\XMLCompressorSample.csproj", "{9688ADC8-1C1D-4043-8B89-4A399F7C605D}"
EndProject
Project("{FAE04EC0-301F-11D3-BF4B-00C04F79EFBC}") = "NHibernateMigrationWebMvc", "NHibernateMigrationWebMvc\NHibernateMigrationWebMvc.csproj", "{B70B7D04-8959-451E-8C90-EEC3F660D3D2}"
EndProject
Project("{FAE04EC0-301F-11D3-BF4B-00C04F79EFBC}") = "AppDomain", "AppDomain\AppDomain.csproj", "{34CE73F8-78F0-4FBB-BB4A-A710C4D5A7A6}"
EndProject
Project("{FAE04EC0-301F-11D3-BF4B-00C04F79EFBC}") = "NHibernateMigration.DataMigrations", "NHibernateMigration.DataMigrations\NHibernateMigration.DataMigrations.csproj", "{D5B580A5-DBDC-4F6C-A346-B8A82F40C037}"
EndProject
Project("{FAE04EC0-301F-11D3-BF4B-00C04F79EFBC}") = "GenericSample-WindsorContainer", "GenericSample\GenericSample-WindsorContainer.csproj", "{D32F85C3-664D-4E1B-9F72-9C6808D56250}"
EndProject
Project("{FAE04EC0-301F-11D3-BF4B-00C04F79EFBC}") = "RegexTester", "RegexTester\RegexTester.csproj", "{D71B1676-7673-4F77-B798-E4A0C3CCC478}"
EndProject
Project("{FAE04EC0-301F-11D3-BF4B-00C04F79EFBC}") = "UnitOfWorkDemo", "UnitOfWorkDemo\UnitOfWorkDemo.csproj", "{686D1C6B-C554-4D5E-AE50-9C7BAD3DE407}"
EndProject
Project("{FAE04EC0-301F-11D3-BF4B-00C04F79EFBC}") = "EqualityComparerTest", "EqualityComparerTest\EqualityComparerTest.csproj", "{55FF43A4-0459-4196-871B-6AE8604287AE}"
EndProject
Project("{FAE04EC0-301F-11D3-BF4B-00C04F79EFBC}") = "FluentValidationTest", "FluentValidationTest\FluentValidationTest.csproj", "{585CFD59-D34C-4031-8D5E-ED1B31B99668}"
EndProject
Project("{FAE04EC0-301F-11D3-BF4B-00C04F79EFBC}") = "ObjectSerialiserTest", "ObjectSerialiserTest\ObjectSerialiserTest.csproj", "{A451D25C-23E0-469F-A498-5DA294098531}"
EndProject
Global
	GlobalSection(SolutionConfigurationPlatforms) = preSolution
		Debug|Any CPU = Debug|Any CPU
		Release|Any CPU = Release|Any CPU
	EndGlobalSection
	GlobalSection(ProjectConfigurationPlatforms) = postSolution
		{A28AAB3F-68C0-4CAA-8BD5-13AF87E3CD78}.Debug|Any CPU.ActiveCfg = Debug|Any CPU
		{A28AAB3F-68C0-4CAA-8BD5-13AF87E3CD78}.Debug|Any CPU.Build.0 = Debug|Any CPU
		{A28AAB3F-68C0-4CAA-8BD5-13AF87E3CD78}.Release|Any CPU.ActiveCfg = Release|Any CPU
		{A28AAB3F-68C0-4CAA-8BD5-13AF87E3CD78}.Release|Any CPU.Build.0 = Release|Any CPU
		{347D227B-5F44-4F33-AC86-1247550D557F}.Debug|Any CPU.ActiveCfg = Debug|Any CPU
		{347D227B-5F44-4F33-AC86-1247550D557F}.Debug|Any CPU.Build.0 = Debug|Any CPU
		{347D227B-5F44-4F33-AC86-1247550D557F}.Release|Any CPU.ActiveCfg = Release|Any CPU
		{347D227B-5F44-4F33-AC86-1247550D557F}.Release|Any CPU.Build.0 = Release|Any CPU
		{DFB7A8D6-CBD4-46A2-B886-48D23C09C818}.Debug|Any CPU.ActiveCfg = Debug|Any CPU
		{DFB7A8D6-CBD4-46A2-B886-48D23C09C818}.Debug|Any CPU.Build.0 = Debug|Any CPU
		{DFB7A8D6-CBD4-46A2-B886-48D23C09C818}.Release|Any CPU.ActiveCfg = Release|Any CPU
		{DFB7A8D6-CBD4-46A2-B886-48D23C09C818}.Release|Any CPU.Build.0 = Release|Any CPU
		{9EEFF80D-6993-4236-B023-4C2BBF6AC02D}.Debug|Any CPU.ActiveCfg = Debug|Any CPU
		{9EEFF80D-6993-4236-B023-4C2BBF6AC02D}.Debug|Any CPU.Build.0 = Debug|Any CPU
		{9EEFF80D-6993-4236-B023-4C2BBF6AC02D}.Release|Any CPU.ActiveCfg = Release|Any CPU
		{9EEFF80D-6993-4236-B023-4C2BBF6AC02D}.Release|Any CPU.Build.0 = Release|Any CPU
		{F973D27C-7654-4F4A-ACFF-8DC114A5890E}.Debug|Any CPU.ActiveCfg = Debug|Any CPU
		{F973D27C-7654-4F4A-ACFF-8DC114A5890E}.Debug|Any CPU.Build.0 = Debug|Any CPU
		{F973D27C-7654-4F4A-ACFF-8DC114A5890E}.Release|Any CPU.ActiveCfg = Release|Any CPU
		{F973D27C-7654-4F4A-ACFF-8DC114A5890E}.Release|Any CPU.Build.0 = Release|Any CPU
		{1ED025FD-4032-4D8D-A3C3-E5489AB9DDC5}.Debug|Any CPU.ActiveCfg = Debug|Any CPU
		{1ED025FD-4032-4D8D-A3C3-E5489AB9DDC5}.Debug|Any CPU.Build.0 = Debug|Any CPU
		{1ED025FD-4032-4D8D-A3C3-E5489AB9DDC5}.Release|Any CPU.ActiveCfg = Release|Any CPU
		{1ED025FD-4032-4D8D-A3C3-E5489AB9DDC5}.Release|Any CPU.Build.0 = Release|Any CPU
		{54E0B7CA-4765-4F1F-8E17-211E59B79639}.Debug|Any CPU.ActiveCfg = Debug|Any CPU
		{54E0B7CA-4765-4F1F-8E17-211E59B79639}.Debug|Any CPU.Build.0 = Debug|Any CPU
		{54E0B7CA-4765-4F1F-8E17-211E59B79639}.Release|Any CPU.ActiveCfg = Release|Any CPU
		{54E0B7CA-4765-4F1F-8E17-211E59B79639}.Release|Any CPU.Build.0 = Release|Any CPU
		{4E0D4036-76CD-493F-9854-49DC84952017}.Debug|Any CPU.ActiveCfg = Debug|Any CPU
		{4E0D4036-76CD-493F-9854-49DC84952017}.Debug|Any CPU.Build.0 = Debug|Any CPU
		{4E0D4036-76CD-493F-9854-49DC84952017}.Release|Any CPU.ActiveCfg = Release|Any CPU
		{4E0D4036-76CD-493F-9854-49DC84952017}.Release|Any CPU.Build.0 = Release|Any CPU
		{C89E771E-75B6-4B47-B4FD-A24D8B8D7112}.Debug|Any CPU.ActiveCfg = Debug|Any CPU
		{C89E771E-75B6-4B47-B4FD-A24D8B8D7112}.Debug|Any CPU.Build.0 = Debug|Any CPU
		{C89E771E-75B6-4B47-B4FD-A24D8B8D7112}.Release|Any CPU.ActiveCfg = Release|Any CPU
		{C89E771E-75B6-4B47-B4FD-A24D8B8D7112}.Release|Any CPU.Build.0 = Release|Any CPU
		{29029E58-B6BE-4CA7-991A-195BAD1A43FC}.Debug|Any CPU.ActiveCfg = Debug|Any CPU
		{29029E58-B6BE-4CA7-991A-195BAD1A43FC}.Debug|Any CPU.Build.0 = Debug|Any CPU
		{29029E58-B6BE-4CA7-991A-195BAD1A43FC}.Release|Any CPU.ActiveCfg = Release|Any CPU
		{29029E58-B6BE-4CA7-991A-195BAD1A43FC}.Release|Any CPU.Build.0 = Release|Any CPU
		{BB92F508-D05E-45BB-AE28-B44B2235F260}.Debug|Any CPU.ActiveCfg = Debug|Any CPU
		{BB92F508-D05E-45BB-AE28-B44B2235F260}.Debug|Any CPU.Build.0 = Debug|Any CPU
		{BB92F508-D05E-45BB-AE28-B44B2235F260}.Release|Any CPU.ActiveCfg = Release|Any CPU
		{BB92F508-D05E-45BB-AE28-B44B2235F260}.Release|Any CPU.Build.0 = Release|Any CPU
		{6E6D2AD8-73A2-4860-99F1-E3D8144B7E31}.Debug|Any CPU.ActiveCfg = Debug|Any CPU
		{6E6D2AD8-73A2-4860-99F1-E3D8144B7E31}.Debug|Any CPU.Build.0 = Debug|Any CPU
		{6E6D2AD8-73A2-4860-99F1-E3D8144B7E31}.Release|Any CPU.ActiveCfg = Release|Any CPU
		{6E6D2AD8-73A2-4860-99F1-E3D8144B7E31}.Release|Any CPU.Build.0 = Release|Any CPU
		{E06AC4DE-7A4A-40F2-BCE9-958CA90C9799}.Debug|Any CPU.ActiveCfg = Debug|Any CPU
		{E06AC4DE-7A4A-40F2-BCE9-958CA90C9799}.Debug|Any CPU.Build.0 = Debug|Any CPU
		{E06AC4DE-7A4A-40F2-BCE9-958CA90C9799}.Release|Any CPU.ActiveCfg = Release|Any CPU
		{E06AC4DE-7A4A-40F2-BCE9-958CA90C9799}.Release|Any CPU.Build.0 = Release|Any CPU
		{4EC0BF7D-E50B-43C2-B510-90C6E1747583}.Debug|Any CPU.ActiveCfg = Debug|Any CPU
		{4EC0BF7D-E50B-43C2-B510-90C6E1747583}.Debug|Any CPU.Build.0 = Debug|Any CPU
		{4EC0BF7D-E50B-43C2-B510-90C6E1747583}.Release|Any CPU.ActiveCfg = Release|Any CPU
		{4EC0BF7D-E50B-43C2-B510-90C6E1747583}.Release|Any CPU.Build.0 = Release|Any CPU
		{D3716FE7-CFA6-41BA-976F-9C1053882EFE}.Debug|Any CPU.ActiveCfg = Debug|Any CPU
		{D3716FE7-CFA6-41BA-976F-9C1053882EFE}.Debug|Any CPU.Build.0 = Debug|Any CPU
		{D3716FE7-CFA6-41BA-976F-9C1053882EFE}.Release|Any CPU.ActiveCfg = Release|Any CPU
		{D3716FE7-CFA6-41BA-976F-9C1053882EFE}.Release|Any CPU.Build.0 = Release|Any CPU
		{9688ADC8-1C1D-4043-8B89-4A399F7C605D}.Debug|Any CPU.ActiveCfg = Debug|Any CPU
		{9688ADC8-1C1D-4043-8B89-4A399F7C605D}.Debug|Any CPU.Build.0 = Debug|Any CPU
		{9688ADC8-1C1D-4043-8B89-4A399F7C605D}.Release|Any CPU.ActiveCfg = Release|Any CPU
		{9688ADC8-1C1D-4043-8B89-4A399F7C605D}.Release|Any CPU.Build.0 = Release|Any CPU
		{B70B7D04-8959-451E-8C90-EEC3F660D3D2}.Debug|Any CPU.ActiveCfg = Debug|Any CPU
		{B70B7D04-8959-451E-8C90-EEC3F660D3D2}.Debug|Any CPU.Build.0 = Debug|Any CPU
		{B70B7D04-8959-451E-8C90-EEC3F660D3D2}.Release|Any CPU.ActiveCfg = Release|Any CPU
		{B70B7D04-8959-451E-8C90-EEC3F660D3D2}.Release|Any CPU.Build.0 = Release|Any CPU
		{34CE73F8-78F0-4FBB-BB4A-A710C4D5A7A6}.Debug|Any CPU.ActiveCfg = Debug|Any CPU
		{34CE73F8-78F0-4FBB-BB4A-A710C4D5A7A6}.Debug|Any CPU.Build.0 = Debug|Any CPU
		{34CE73F8-78F0-4FBB-BB4A-A710C4D5A7A6}.Release|Any CPU.ActiveCfg = Release|Any CPU
		{34CE73F8-78F0-4FBB-BB4A-A710C4D5A7A6}.Release|Any CPU.Build.0 = Release|Any CPU
		{D5B580A5-DBDC-4F6C-A346-B8A82F40C037}.Debug|Any CPU.ActiveCfg = Debug|Any CPU
		{D5B580A5-DBDC-4F6C-A346-B8A82F40C037}.Debug|Any CPU.Build.0 = Debug|Any CPU
		{D5B580A5-DBDC-4F6C-A346-B8A82F40C037}.Release|Any CPU.ActiveCfg = Release|Any CPU
		{D5B580A5-DBDC-4F6C-A346-B8A82F40C037}.Release|Any CPU.Build.0 = Release|Any CPU
		{D32F85C3-664D-4E1B-9F72-9C6808D56250}.Debug|Any CPU.ActiveCfg = Debug|Any CPU
		{D32F85C3-664D-4E1B-9F72-9C6808D56250}.Debug|Any CPU.Build.0 = Debug|Any CPU
		{D32F85C3-664D-4E1B-9F72-9C6808D56250}.Release|Any CPU.ActiveCfg = Release|Any CPU
		{D32F85C3-664D-4E1B-9F72-9C6808D56250}.Release|Any CPU.Build.0 = Release|Any CPU
		{D71B1676-7673-4F77-B798-E4A0C3CCC478}.Debug|Any CPU.ActiveCfg = Debug|Any CPU
		{D71B1676-7673-4F77-B798-E4A0C3CCC478}.Debug|Any CPU.Build.0 = Debug|Any CPU
		{D71B1676-7673-4F77-B798-E4A0C3CCC478}.Release|Any CPU.ActiveCfg = Release|Any CPU
		{D71B1676-7673-4F77-B798-E4A0C3CCC478}.Release|Any CPU.Build.0 = Release|Any CPU
		{686D1C6B-C554-4D5E-AE50-9C7BAD3DE407}.Debug|Any CPU.ActiveCfg = Debug|Any CPU
		{686D1C6B-C554-4D5E-AE50-9C7BAD3DE407}.Debug|Any CPU.Build.0 = Debug|Any CPU
		{686D1C6B-C554-4D5E-AE50-9C7BAD3DE407}.Release|Any CPU.ActiveCfg = Release|Any CPU
		{686D1C6B-C554-4D5E-AE50-9C7BAD3DE407}.Release|Any CPU.Build.0 = Release|Any CPU
		{55FF43A4-0459-4196-871B-6AE8604287AE}.Debug|Any CPU.ActiveCfg = Debug|Any CPU
		{55FF43A4-0459-4196-871B-6AE8604287AE}.Debug|Any CPU.Build.0 = Debug|Any CPU
		{55FF43A4-0459-4196-871B-6AE8604287AE}.Release|Any CPU.ActiveCfg = Release|Any CPU
		{55FF43A4-0459-4196-871B-6AE8604287AE}.Release|Any CPU.Build.0 = Release|Any CPU
		{585CFD59-D34C-4031-8D5E-ED1B31B99668}.Debug|Any CPU.ActiveCfg = Debug|Any CPU
		{585CFD59-D34C-4031-8D5E-ED1B31B99668}.Debug|Any CPU.Build.0 = Debug|Any CPU
		{585CFD59-D34C-4031-8D5E-ED1B31B99668}.Release|Any CPU.ActiveCfg = Release|Any CPU
		{585CFD59-D34C-4031-8D5E-ED1B31B99668}.Release|Any CPU.Build.0 = Release|Any CPU
		{A451D25C-23E0-469F-A498-5DA294098531}.Debug|Any CPU.ActiveCfg = Debug|Any CPU
		{A451D25C-23E0-469F-A498-5DA294098531}.Debug|Any CPU.Build.0 = Debug|Any CPU
		{A451D25C-23E0-469F-A498-5DA294098531}.Release|Any CPU.ActiveCfg = Release|Any CPU
		{A451D25C-23E0-469F-A498-5DA294098531}.Release|Any CPU.Build.0 = Release|Any CPU
	EndGlobalSection
	GlobalSection(SolutionProperties) = preSolution
		HideSolutionNode = FALSE
	EndGlobalSection
	GlobalSection(ExtensibilityGlobals) = postSolution
		SolutionGuid = {0479D355-241D-440B-BE0F-7B883C96D7CE}
	EndGlobalSection
EndGlobal
